{
  "requires": true,
  "lockfileVersion": 1,
  "dependencies": {
    "gitbook-plugin-autotheme": {
      "version": "1.0.1",
      "resolved": "https://r.cnpmjs.org/gitbook-plugin-autotheme/download/gitbook-plugin-autotheme-1.0.1.tgz",
      "integrity": "sha1-A6TJSBSQiiAl/K0/NcRQt0702GU="
    },
    "gitbook-plugin-favicon": {
      "version": "0.0.2",
      "resolved": "https://r.cnpmjs.org/gitbook-plugin-favicon/download/gitbook-plugin-favicon-0.0.2.tgz",
      "integrity": "sha1-s+QWQvFSr8bEU1/ZtjXf4xtMh3I="
    },
    "gitbook-plugin-github": {
      "version": "2.0.0",
      "resolved": "http://r.cnpmjs.org/gitbook-plugin-github/download/gitbook-plugin-github-2.0.0.tgz",
      "integrity": "sha1-UWbnY8/MQC1DKIC3pshcHFS1ao0="
    },
    "gitbook-plugin-search-plus": {
      "version": "1.0.3",
      "resolved": "https://r.cnpmjs.org/gitbook-plugin-search-plus/download/gitbook-plugin-search-plus-1.0.3.tgz",
      "integrity": "sha1-oy7GCZ5WQTkCJMv3XIx34PiuMVw=",
      "requires": {
        "html-entities": "1.2.0"
      }
    },
    "gitbook-plugin-yahei": {
      "version": "0.0.8",
      "resolved": "https://r.cnpmjs.org/gitbook-plugin-yahei/download/gitbook-plugin-yahei-0.0.8.tgz",
      "integrity": "sha1-lweYjTyG7pLifnnQmpyTwUSlTcw="
    },
    "html-entities": {
      "version": "1.2.0",
      "resolved": "http://r.cnpmjs.org/html-entities/download/html-entities-1.2.0.tgz",
      "integrity": "sha1-QZSMr4XOgv7Tbk5qDtNxpmZDeeI="
    }
  }
}
